{
  "name": "changesets-tests",
  "version": "1.0.0",
  "lockfileVersion": 3,
  "requires": true,
  "packages": {
    "": {
      "name": "changesets-tests",
      "version": "1.0.0",
      "license": "ISC",
      "workspaces": [
        "apps/foo",
        "apps/bar"
      ]
    },
    "apps/bar": {
      "version": "1.0.0",
      "license": "ISC",
      "devDependencies": {}
    },
    "apps/foo": {
      "version": "1.0.0",
      "license": "ISC"
    },
    "node_modules/bar": {
      "resolved": "apps/bar",
      "link": true
    },
    "node_modules/foo": {
      "resolved": "apps/foo",
      "link": true
    }
  }
}
